
Microsoft Visual Studio Solution File, Format Version 12.00
# Visual Studio 15
VisualStudioVersion = 15.0.28307.329
MinimumVisualStudioVersion = 10.0.40219.1
Project("{8BC9CEB8-8B4A-11D0-8D11-00A0C91BC942}") = "Project8", "Project8\Project8.vcxproj", "{7B6B8A2E-B099-4E2B-BE65-7F8E26F074BE}"
EndProject
Global
	GlobalSection(SolutionConfigurationPlatforms) = preSolution
		Debug|x64 = Debug|x64
		Debug|x86 = Debug|x86
		Release|x64 = Release|x64
		Release|x86 = Release|x86
	EndGlobalSection
	GlobalSection(ProjectConfigurationPlatforms) = postSolution
		{7B6B8A2E-B099-4E2B-BE65-7F8E26F074BE}.Debug|x64.ActiveCfg = Debug|x64
		{7B6B8A2E-B099-4E2B-BE65-7F8E26F074BE}.Debug|x64.Build.0 = Debug|x64
		{7B6B8A2E-B099-4E2B-BE65-7F8E26F074BE}.Debug|x86.ActiveCfg = Debug|Win32
		{7B6B8A2E-B099-4E2B-BE65-7F8E26F074BE}.Debug|x86.Build.0 = Debug|Win32
		{7B6B8A2E-B099-4E2B-BE65-7F8E26F074BE}.Release|x64.ActiveCfg = Release|x64
		{7B6B8A2E-B099-4E2B-BE65-7F8E26F074BE}.Release|x64.Build.0 = Release|x64
		{7B6B8A2E-B099-4E2B-BE65-7F8E26F074BE}.Release|x86.ActiveCfg = Release|Win32
		{7B6B8A2E-B099-4E2B-BE65-7F8E26F074BE}.Release|x86.Build.0 = Release|Win32
	EndGlobalSection
	GlobalSection(SolutionProperties) = preSolution
		HideSolutionNode = FALSE
	EndGlobalSection
	GlobalSection(ExtensibilityGlobals) = postSolution
		SolutionGuid = {4697E4ED-FC5B-482C-B5F7-720444F95E26}
	EndGlobalSection
EndGlobal
